<?xml version="1.0" encoding="UTF-8"?>
<CONFIG>
  <ProjectOptions>
  <Units Count="1">
    <Unit0>
      <Filename Value="example_xml_writer.lpr"/>
      <IsPartOfProject Value="True"/>
    </Unit0>
  </Units>
    <Version Value="12"/>
    <General>
      <Flags>
        <MainUnitHasCreateFormStatements Value="False"/>
        <MainUnitHasTitleStatement Value="False"/>
        <MainUnitHasScaledStatement Value="False"/>
      </Flags>
      <SessionStorage Value="InProjectDir"/>
      <Title Value="example_xml_writer"/>
      <UseAppBundle Value="False"/>
      <ResourceType Value="res"/>
    </General>
    <BuildModes>
      <Item Name="Debug" Default="True">
        <CompilerOptions>
          <Version Value="11"/>
          <Target>
            <Filename Value="bin/example_xml_writer"/>
          </Target>
          <SearchPaths>
            <IncludeFiles Value="$(ProjOutDir);../../src"/>
            <OtherUnitFiles Value="../../src"/>
            <UnitOutputDirectory Value="lib/$(TargetCPU)-$(TargetOS)"/>
          </SearchPaths>
          <Parsing>
            <SyntaxOptions>
              <IncludeAssertionCode Value="True"/>
            </SyntaxOptions>
          </Parsing>
          <Linking>
            <Debugging>
              <DebugInfoType Value="dsDwarf2Set"/>
            </Debugging>
          </Linking>
        </CompilerOptions>
      </Item>
    </BuildModes>
  </ProjectOptions>
  <CompilerOptions>
    <Version Value="11"/>
    <PathDelim Value="\"/>
    <Target>
      <Filename Value="bin/example_xml_writer"/>
    </Target>
    <SearchPaths>
      <IncludeFiles Value="$(ProjOutDir);../../src"/>
      <OtherUnitFiles Value="../../src"/>
      <UnitOutputDirectory Value="lib/$(TargetCPU)-$(TargetOS)"/>
    </SearchPaths>
    <Parsing>
      <SyntaxOptions>
        <IncludeAssertionCode Value="True"/>
      </SyntaxOptions>
    </Parsing>
    <Linking>
      <Debugging>
        <DebugInfoType Value="dsDwarf2Set"/>
      </Debugging>
    </Linking>
  </CompilerOptions>
</CONFIG>

