<?xml version="1.0" encoding="UTF-8"?>
<CONFIG>
  <ProjectOptions>
    <Version Value="11"/>
    <General>
      <Flags>
        <MainUnitHasUsesSectionForAllUnits Value="False"/>
      </Flags>
      <SessionStorage Value="InProjectDir"/>
      <MainUnit Value="0"/>
      <Title Value="listen_with_timeout"/>
      <UseAppBundle Value="False"/>
    </General>
    <BuildModes Count="1">
      <Item1 Name="Default" Default="True">
        <CompilerOptions>
          <Version Value="11"/>
          <Target>
            <Filename Value="bin/listen_with_timeout"/>
          </Target>
          <SearchPaths>
            <IncludeFiles Value="../.."/>
            <OtherUnitFiles Value="../../src"/>
            <UnitOutputDirectory Value="lib/$(TargetCPU)-$(TargetOS)"/>
          </SearchPaths>
          <Parsing>
            <SyntaxOptions>
              <SyntaxMode Value="ObjFPC"/>
              <CStyleOperators Value="True"/>
              <IncludeAssertionCode Value="True"/>
              <UseAnsiStrings Value="True"/>
            </SyntaxOptions>
          </Parsing>
          <CodeGeneration>
            <Checks>
              <IOChecks Value="True"/>
              <RangeChecks Value="True"/>
              <OverflowChecks Value="True"/>
              <StackChecks Value="True"/>
            </Checks>
            <Optimizations>
              <OptimizationLevel Value="1"/>
            </Optimizations>
          </CodeGeneration>
          <Linking>
            <Debugging>
              <DebugInfoType Value="dsDwarf3"/>
              <UseHeaptrc Value="True"/>
              <StripSymbols Value="False"/>
            </Debugging>
          </Linking>
        </CompilerOptions>
      </Item1>
    </BuildModes>
    <PublishOptions>
      <Version Value="2"/>
    </PublishOptions>
    <RunParams>
      <FormatVersion Value="2"/>
    </RunParams>
    <Units Count="1">
      <Unit0>
        <Filename Value="listen_with_timeout.pas"/>
        <IsPartOfProject Value="True"/>
      </Unit0>
    </Units>
  </ProjectOptions>
  <CompilerOptions>
    <Version Value="11"/>
    <Target>
      <Filename Value="bin/listen_with_timeout"/>
    </Target>
    <SearchPaths>
      <IncludeFiles Value="../.."/>
      <OtherUnitFiles Value="../../src"/>
      <UnitOutputDirectory Value="lib/$(TargetCPU)-$(TargetOS)"/>
    </SearchPaths>
    <Parsing>
      <SyntaxOptions>
        <SyntaxMode Value="ObjFPC"/>
        <CStyleOperators Value="True"/>
        <IncludeAssertionCode Value="True"/>
        <UseAnsiStrings Value="True"/>
      </SyntaxOptions>
    </Parsing>
    <CodeGeneration>
      <Checks>
        <IOChecks Value="True"/>
        <RangeChecks Value="True"/>
        <OverflowChecks Value="True"/>
        <StackChecks Value="True"/>
      </Checks>
      <Optimizations>
        <OptimizationLevel Value="1"/>
      </Optimizations>
    </CodeGeneration>
    <Linking>
      <Debugging>
        <DebugInfoType Value="dsDwarf3"/>
        <UseHeaptrc Value="True"/>
        <StripSymbols Value="False"/>
      </Debugging>
    </Linking>
  </CompilerOptions>
  <Debugging>
    <Exceptions Count="3">
      <Item1>
        <Name Value="ESocketError"/>
      </Item1>
      <Item2>
        <Name Value="ESocketTimeoutError"/>
      </Item2>
      <Item3>
        <Name Value="Exception"/>
      </Item3>
    </Exceptions>
  </Debugging>
</CONFIG>

