<?xml version="1.0" encoding="UTF-8"?>
<CONFIG>
  <ProjectOptions>
    <Version Value="12"/>
    <General>
      <Flags>
        <MainUnitHasCreateFormStatements Value="False"/>
        <MainUnitHasTitleStatement Value="False"/>
        <MainUnitHasScaledStatement Value="False"/>
      </Flags>
      <SessionStorage Value="InProjectDir"/>
      <Title Value="fafafa.core.mem.manager.crt.play"/>
      <UseAppBundle Value="False"/>
      <ResourceType Value="res"/>
    </General>
    <BuildModes>
      <Item Name="Debug" Default="True">
        <CompilerOptions>
          <Version Value="11"/>
          <Target>
            <Filename Value="bin/fafafa.core.mem.manager.crt.play_debug"/>
          </Target>
          <SearchPaths>
            <IncludeFiles Value="$(ProjOutDir);../../src"/>
            <OtherUnitFiles Value="../../src"/>
            <UnitOutputDirectory Value="lib/$(TargetCPU)-$(TargetOS)"/>
          </SearchPaths>
          <Parsing>
            <SyntaxOptions>
              <IncludeAssertionCode Value="False"/>
            </SyntaxOptions>
          </Parsing>
        </CompilerOptions>
      </Item>
    </BuildModes>
    <PublishOptions>
      <Version Value="2"/>
      <UseFileFilters Value="True"/>
    </PublishOptions>
    <RunParams>
      <FormatVersion Value="2"/>
    </RunParams>
    <RequiredPackages>
      <Item>
        <PackageName Value="FCL"/>
      </Item>
    </RequiredPackages>
    <Units>
      <Unit>
        <Filename Value="fafafa.core.mem.manager.crt.play.lpr"/>
        <IsPartOfProject Value="True"/>
      </Unit>
    </Units>
  </ProjectOptions>
  <CompilerOptions>
    <Version Value="11"/>
    <Target>
      <Filename Value="bin/fafafa.core.mem.manager.crt.play"/>
    </Target>
    <SearchPaths>
      <IncludeFiles Value="$(ProjOutDir);../../src"/>
      <OtherUnitFiles Value="../../src"/>
      <UnitOutputDirectory Value="lib/$(TargetCPU)-$(TargetOS)"/>
    </SearchPaths>
  </CompilerOptions>
</CONFIG>

