<?xml version="1.0" encoding="UTF-8"?>
<CONFIG>
  <ProjectOptions>
    <Version Value="12"/>
    <PathDelim Value="\"/>
    <General>
      <Flags>
        <MainUnitHasCreateFormStatements Value="False"/>
        <MainUnitHasTitleStatement Value="False"/>
        <MainUnitHasScaledStatement Value="False"/>
      </Flags>
      <SessionStorage Value="InProjectDir"/>
      <Title Value="example_fafafa.core.test"/>
      <UseAppBundle Value="False"/>
      <ResourceType Value="res"/>
    </General>
    <BuildModes>
      <Item Name="Debug" Default="True">
        <CompilerOptions>
          <Version Value="11"/>
          <PathDelim Value="\"/>
          <Target>
            <Filename Value="bin\example_core_test_minimal"/>
          </Target>
          <SearchPaths>
            <IncludeFiles Value="$(ProjOutDir);..;..\..\src"/>
            <OtherUnitFiles Value="..;..\..\src;.;$(LazarusDir)\components\fpcpackages\fcl-json\src"/>
            <UnitOutputDirectory Value="lib\$(TargetCPU)-$(TargetOS)"/>
          </SearchPaths>
          <Parsing>
            <SyntaxOptions>
              <SyntaxMode Value="Delphi"/>
              <UseAnsiStrings Value="True"/>
              <IncludeAssertionCode Value="True"/>
            </SyntaxOptions>
          </Parsing>
        </CompilerOptions>
      </Item>
    </BuildModes>
    <RunParams>
      <FormatVersion Value="2"/>
    </RunParams>
    <Units>
      <Unit>
        <Filename Value="example_core_test_minimal.lpr"/>
        <IsPartOfProject Value="True"/>
      </Unit>
      <Unit>
        <Filename Value="..\..\src\fafafa.core.test.pas"/>
      </Unit>
      <Unit>
        <Filename Value="..\..\src\fafafa.core.test.core.pas"/>
      </Unit>
      <Unit>
        <Filename Value="..\..\src\fafafa.core.test.runner.pas"/>
      </Unit>
      <Unit>
        <Filename Value="..\..\src\fafafa.core.test.listener.console.pas"/>
      </Unit>
      <Unit>
        <Filename Value="..\..\src\fafafa.core.test.listener.junit.pas"/>
      </Unit>
      <Unit>
        <Filename Value="..\..\src\fafafa.core.test.listener.json.pas"/>
      </Unit>
      <Unit>
        <Filename Value="..\..\src\fafafa.core.test.json.intf.pas"/>
      </Unit>
      <Unit>
        <Filename Value="..\..\src\fafafa.core.test.json.rtl.pas"/>
      </Unit>
    </Units>
  </ProjectOptions>
  <CompilerOptions>
    <Version Value="11"/>
    <PathDelim Value="\"/>
    <Target>
      <Filename Value="bin\example_core_test_minimal"/>
    </Target>
    <SearchPaths>
      <IncludeFiles Value="$(ProjOutDir);..;..\..\src"/>
      <OtherUnitFiles Value="..;..\..\src;.;$(LazarusDir)\components\fpcpackages\fcl-json\src"/>
      <UnitOutputDirectory Value="lib\$(TargetCPU)-$(TargetOS)"/>
    </SearchPaths>
  </CompilerOptions>
</CONFIG>

