<?xml version="1.0" encoding="UTF-8"?>
<CONFIG>
  <ProjectOptions>
    <Version Value="12"/>
    <General>
      <SessionStorage Value="InProjectDir"/>
      <Title Value="example_stop_when_done"/>
      <UseAppBundle Value="False"/>
      <ResourceType Value="res"/>
    </General>
    <BuildModes>
      <Item Name="Debug" Default="True"/>
    </BuildModes>
    <RunParams>
      <FormatVersion Value="2"/>
    </RunParams>
    <Units Count="1">
      <Unit0>
        <Filename Value="example_stop_when_done.lpr"/>
        <IsPartOfProject Value="True"/>
      </Unit0>
    </Units>
  </ProjectOptions>
  <CompilerOptions>
    <Version Value="11"/>
    <Target>
      <Filename Value="bin/example_stop_when_done"/>
    </Target>
    <SearchPaths>
      <IncludeFiles Value="..\..\src;lib\$(TargetCPU)-$(TargetOS)"/>
      <OtherUnitFiles Value="..\..\src"/>
      <UnitOutputDirectory Value="lib\$(TargetCPU)-$(TargetOS)"/>
    </SearchPaths>
    <Parsing>
      <SyntaxOptions>
        <SyntaxMode Value="ObjFPC"/>
        <IncludeAssertionCode Value="True"/>
      </SyntaxOptions>
    </Parsing>
    <CodeGeneration>
      <Optimizations>
        <OptimizationLevel Value="1"/>
      </Optimizations>
    </CodeGeneration>
    <Linking>
      <Debugging>
        <UseHeaptrc Value="True"/>
        <StripSymbols Value="False"/>
      </Debugging>
    </Linking>
  </CompilerOptions>
</CONFIG>
