<?xml version="1.0" encoding="UTF-8"?>
<CONFIG>
  <ProjectOptions>
    <Version Value="12"/>
    <PathDelim Value="\"/>
    <General>
      <SessionStorage Value="InProjectDir"/>
      <MainUnit Value="0"/>
      <Title Value="example_layout_ui"/>
      <UseAppBundle Value="False"/>
      <ResourceType Value="res"/>
    </General>
    <BuildModes Count="1">
      <Item1 Name="Debug" Default="True">
        <CompilerOptions>
          <Version Value="11"/>
          <Target>
            <Filename Value="bin\example_layout_ui"/>
          </Target>
          <SearchPaths>
            <IncludeFiles Value="../../src"/>
            <OtherUnitFiles Value=".;../../src;../../src/ui"/>
            <UnitOutputDirectory Value="lib\$(TargetCPU)-$(TargetOS)"/>
          </SearchPaths>
          <Linking>
            <Debugging>
              <UseHeaptrc Value="True"/>
            </Debugging>
            <Options>
              <Win32>
                <GraphicApplication Value="False"/>
              </Win32>
            </Options>
          </Linking>
        </CompilerOptions>
      </Item1>
    </BuildModes>
    <Units>
      <Unit>
        <Filename Value="example_layout_ui.lpr"/>
        <IsPartOfProject Value="True"/>
        <UnitName Value="example_layout_ui"/>
      </Unit>
    </Units>
  </ProjectOptions>
  <CompilerOptions>
    <Version Value="11"/>
    <Target>
      <Filename Value="bin\example_layout_ui"/>
    </Target>
    <SearchPaths>
      <IncludeFiles Value="../../src;../../src/ui"/>
      <OtherUnitFiles Value=".;../../src;../../src/ui"/>
      <UnitOutputDirectory Value="lib\$(TargetCPU)-$(TargetOS)"/>
    </SearchPaths>
    <Other>
      <WriteFPCLogo Value="False"/>
    </Other>
  </CompilerOptions>
</CONFIG>
