<?xml version="1.0" encoding="UTF-8"?>
<CONFIG>
  <ProjectOptions>
    <Version Value="12"/>
    <General>
      <Flags>
        <MainUnitHasCreateFormStatements Value="False"/>
        <MainUnitHasTitleStatement Value="False"/>
        <MainUnitHasScaledStatement Value="False"/>
      </Flags>
      <SessionStorage Value="InProjectDir"/>
      <Title Value="fafafa.core.ini.test"/>
      <UseAppBundle Value="False"/>
      <ResourceType Value="res"/>
    </General>
    <BuildModes>
      <Item Name="Debug" Default="True">
        <CompilerOptions>
          <Version Value="11"/>
          <Target>
            <Filename Value="bin/fafafa.core.ini.test"/>
          </Target>
          <SearchPaths>
            <IncludeFiles Value="$(ProjOutDir);../../src"/>
            <OtherUnitFiles Value="../../src;."/>
            <UnitOutputDirectory Value="lib/$(TargetCPU)-$(TargetOS)"/>
          </SearchPaths>
          <Parsing>
            <SyntaxOptions>
              <IncludeAssertionCode Value="True"/>
              <UseAnsiStrings Value="False"/>
            </SyntaxOptions>
          </Parsing>
          <Linking>
            <Options>
              <ExecutableType Value="Console"/>
            </Options>
          </Linking>
        </CompilerOptions>
      </Item>
    </BuildModes>
    <Units Count="13">
      <Unit0>
        <Filename Value="fafafa.core.ini.test.lpr"/>
        <IsPartOfProject Value="True"/>
      </Unit0>
      <Unit1>
        <Filename Value="fafafa.core.ini.testcase.pas"/>
        <IsPartOfProject Value="True"/>
      </Unit1>
      <Unit2>
        <Filename Value="Test_fafafa_core_ini_values.pas"/>
        <IsPartOfProject Value="True"/>
      </Unit2>
      <Unit3>
        <Filename Value="Test_fafafa_core_ini_setters.pas"/>
        <IsPartOfProject Value="True"/>
      </Unit3>
      <Unit4>
        <Filename Value="Test_fafafa_core_ini_roundtrip_comments.pas"/>
        <IsPartOfProject Value="True"/>
      </Unit4>
      <Unit5>
        <Filename Value="Test_fafafa_core_ini_roundtrip_exact.pas"/>
        <IsPartOfProject Value="True"/>
      </Unit5>
      <Unit6>
        <Filename Value="Test_fafafa_core_ini_roundtrip_various.pas"/>
        <IsPartOfProject Value="True"/>
      </Unit6>
      <Unit7>
        <Filename Value="Test_fafafa_core_ini_write_flags.pas"/>
        <IsPartOfProject Value="True"/>
      </Unit7>
      <Unit8>
        <Filename Value="Test_fafafa_core_ini_entries_dirty_behavior.pas"/>
        <IsPartOfProject Value="True"/>
      </Unit8>
      <Unit9>
        <Filename Value="Test_fafafa_core_ini_entries_cases.pas"/>
        <IsPartOfProject Value="True"/>
      </Unit9>
      <Unit10>
        <Filename Value="Test_fafafa_core_ini_edge_cases.pas"/>
        <IsPartOfProject Value="True"/>
      </Unit10>
      <Unit11>
        <Filename Value="Test_fafafa_core_ini_inline_comment.pas"/>
        <IsPartOfProject Value="True"/>
      </Unit11>
      <Unit12>
        <Filename Value="Test_fafafa_core_ini_inline_comment_default_only.pas"/>
        <IsPartOfProject Value="True"/>
      </Unit12>
    </Units>
  </ProjectOptions>
  <CompilerOptions>
    <Version Value="11"/>
    <Target>
      <Filename Value="bin/fafafa.core.ini.test"/>
    </Target>
    <SearchPaths>
      <IncludeFiles Value="$(ProjOutDir);../../src"/>
      <OtherUnitFiles Value="../../src;."/>
      <UnitOutputDirectory Value="lib/$(TargetCPU)-$(TargetOS)"/>
    </SearchPaths>
  </CompilerOptions>
</CONFIG>

